
Microsoft Visual Studio Solution File, Format Version 12.00
# Visual Studio Version 16
VisualStudioVersion = 16.0.30204.135
MinimumVisualStudioVersion = 10.0.40219.1
Project("{888888A0-9F3D-457C-B088-3A5042F75D52}") = "Traintracks", "Traintracks\Traintracks.pyproj", "{6CF9EC14-3185-429F-ACCA-9CE5D0D8EAA0}"
EndProject
Global
	GlobalSection(SolutionConfigurationPlatforms) = preSolution
		Debug|Any CPU = Debug|Any CPU
		Release|Any CPU = Release|Any CPU
	EndGlobalSection
	GlobalSection(ProjectConfigurationPlatforms) = postSolution
		{6CF9EC14-3185-429F-ACCA-9CE5D0D8EAA0}.Debug|Any CPU.ActiveCfg = Debug|Any CPU
		{6CF9EC14-3185-429F-ACCA-9CE5D0D8EAA0}.Release|Any CPU.ActiveCfg = Release|Any CPU
	EndGlobalSection
	GlobalSection(SolutionProperties) = preSolution
		HideSolutionNode = FALSE
	EndGlobalSection
	GlobalSection(ExtensibilityGlobals) = postSolution
		SolutionGuid = {D3CDEB0B-1484-4C5E-96C4-72D2A2A0363E}
	EndGlobalSection
EndGlobal
